{
  "name": "8 - Charming.JS - Get Started",
  "lockfileVersion": 3,
  "requires": true,
  "packages": {
    "": {
      "dependencies": {
        "charming": "^1.0.1"
      }
    },
    "node_modules/charming": {
      "version": "1.0.1",
      "resolved": "https://registry.npmjs.org/charming/-/charming-1.0.1.tgz",
      "integrity": "sha512-JNsE7K1xOx0WSAFho/qAKhhhlXsSf5cnBdQXmLj+neBlBXkdoFe8YK13c44jSLr+A2yVGo7XdrfIakK0Tghaiw=="
    }
  }
}
